
Microsoft Visual Studio Solution File, Format Version 12.00
# Visual Studio Version 16
VisualStudioVersion = 16.6.30114.105
MinimumVisualStudioVersion = 10.0.40219.1
Project("{9A19103F-16F7-4668-BE54-9A1E7A4F7556}") = "productmicroservice", "Product\productmicroservice.csproj", "{EAF39CB1-3531-4023-B000-E4B210B26F08}"
EndProject
Project("{9A19103F-16F7-4668-BE54-9A1E7A4F7556}") = "ordermicroservice", "Order\ordermicroservice.csproj", "{D35BDFB0-44B0-4C40-835F-92CEA0C93936}"
EndProject
Project("{9A19103F-16F7-4668-BE54-9A1E7A4F7556}") = "Gateway", "Gateway\Gateway.csproj", "{35566E9B-4B74-470E-9C1C-BD7EAE7AA7DF}"
EndProject
Project("{9A19103F-16F7-4668-BE54-9A1E7A4F7556}") = "usermicroservice", "usermicroservice\usermicroservice.csproj", "{70704030-41F9-4FC2-8524-4320E131F9BD}"
EndProject
Global
	GlobalSection(SolutionConfigurationPlatforms) = preSolution
		Debug|Any CPU = Debug|Any CPU
		Debug|x64 = Debug|x64
		Debug|x86 = Debug|x86
		Release|Any CPU = Release|Any CPU
		Release|x64 = Release|x64
		Release|x86 = Release|x86
	EndGlobalSection
	GlobalSection(ProjectConfigurationPlatforms) = postSolution
		{EAF39CB1-3531-4023-B000-E4B210B26F08}.Debug|Any CPU.ActiveCfg = Debug|Any CPU
		{EAF39CB1-3531-4023-B000-E4B210B26F08}.Debug|Any CPU.Build.0 = Debug|Any CPU
		{EAF39CB1-3531-4023-B000-E4B210B26F08}.Debug|x64.ActiveCfg = Debug|Any CPU
		{EAF39CB1-3531-4023-B000-E4B210B26F08}.Debug|x64.Build.0 = Debug|Any CPU
		{EAF39CB1-3531-4023-B000-E4B210B26F08}.Debug|x86.ActiveCfg = Debug|Any CPU
		{EAF39CB1-3531-4023-B000-E4B210B26F08}.Debug|x86.Build.0 = Debug|Any CPU
		{EAF39CB1-3531-4023-B000-E4B210B26F08}.Release|Any CPU.ActiveCfg = Release|Any CPU
		{EAF39CB1-3531-4023-B000-E4B210B26F08}.Release|Any CPU.Build.0 = Release|Any CPU
		{EAF39CB1-3531-4023-B000-E4B210B26F08}.Release|x64.ActiveCfg = Release|Any CPU
		{EAF39CB1-3531-4023-B000-E4B210B26F08}.Release|x64.Build.0 = Release|Any CPU
		{EAF39CB1-3531-4023-B000-E4B210B26F08}.Release|x86.ActiveCfg = Release|Any CPU
		{EAF39CB1-3531-4023-B000-E4B210B26F08}.Release|x86.Build.0 = Release|Any CPU
		{D35BDFB0-44B0-4C40-835F-92CEA0C93936}.Debug|Any CPU.ActiveCfg = Debug|Any CPU
		{D35BDFB0-44B0-4C40-835F-92CEA0C93936}.Debug|Any CPU.Build.0 = Debug|Any CPU
		{D35BDFB0-44B0-4C40-835F-92CEA0C93936}.Debug|x64.ActiveCfg = Debug|Any CPU
		{D35BDFB0-44B0-4C40-835F-92CEA0C93936}.Debug|x64.Build.0 = Debug|Any CPU
		{D35BDFB0-44B0-4C40-835F-92CEA0C93936}.Debug|x86.ActiveCfg = Debug|Any CPU
		{D35BDFB0-44B0-4C40-835F-92CEA0C93936}.Debug|x86.Build.0 = Debug|Any CPU
		{D35BDFB0-44B0-4C40-835F-92CEA0C93936}.Release|Any CPU.ActiveCfg = Release|Any CPU
		{D35BDFB0-44B0-4C40-835F-92CEA0C93936}.Release|Any CPU.Build.0 = Release|Any CPU
		{D35BDFB0-44B0-4C40-835F-92CEA0C93936}.Release|x64.ActiveCfg = Release|Any CPU
		{D35BDFB0-44B0-4C40-835F-92CEA0C93936}.Release|x64.Build.0 = Release|Any CPU
		{D35BDFB0-44B0-4C40-835F-92CEA0C93936}.Release|x86.ActiveCfg = Release|Any CPU
		{D35BDFB0-44B0-4C40-835F-92CEA0C93936}.Release|x86.Build.0 = Release|Any CPU
		{35566E9B-4B74-470E-9C1C-BD7EAE7AA7DF}.Debug|Any CPU.ActiveCfg = Debug|Any CPU
		{35566E9B-4B74-470E-9C1C-BD7EAE7AA7DF}.Debug|Any CPU.Build.0 = Debug|Any CPU
		{35566E9B-4B74-470E-9C1C-BD7EAE7AA7DF}.Debug|x64.ActiveCfg = Debug|Any CPU
		{35566E9B-4B74-470E-9C1C-BD7EAE7AA7DF}.Debug|x64.Build.0 = Debug|Any CPU
		{35566E9B-4B74-470E-9C1C-BD7EAE7AA7DF}.Debug|x86.ActiveCfg = Debug|Any CPU
		{35566E9B-4B74-470E-9C1C-BD7EAE7AA7DF}.Debug|x86.Build.0 = Debug|Any CPU
		{35566E9B-4B74-470E-9C1C-BD7EAE7AA7DF}.Release|Any CPU.ActiveCfg = Release|Any CPU
		{35566E9B-4B74-470E-9C1C-BD7EAE7AA7DF}.Release|Any CPU.Build.0 = Release|Any CPU
		{35566E9B-4B74-470E-9C1C-BD7EAE7AA7DF}.Release|x64.ActiveCfg = Release|Any CPU
		{35566E9B-4B74-470E-9C1C-BD7EAE7AA7DF}.Release|x64.Build.0 = Release|Any CPU
		{35566E9B-4B74-470E-9C1C-BD7EAE7AA7DF}.Release|x86.ActiveCfg = Release|Any CPU
		{35566E9B-4B74-470E-9C1C-BD7EAE7AA7DF}.Release|x86.Build.0 = Release|Any CPU
		{70704030-41F9-4FC2-8524-4320E131F9BD}.Debug|Any CPU.ActiveCfg = Debug|Any CPU
		{70704030-41F9-4FC2-8524-4320E131F9BD}.Debug|Any CPU.Build.0 = Debug|Any CPU
		{70704030-41F9-4FC2-8524-4320E131F9BD}.Debug|x64.ActiveCfg = Debug|Any CPU
		{70704030-41F9-4FC2-8524-4320E131F9BD}.Debug|x64.Build.0 = Debug|Any CPU
		{70704030-41F9-4FC2-8524-4320E131F9BD}.Debug|x86.ActiveCfg = Debug|Any CPU
		{70704030-41F9-4FC2-8524-4320E131F9BD}.Debug|x86.Build.0 = Debug|Any CPU
		{70704030-41F9-4FC2-8524-4320E131F9BD}.Release|Any CPU.ActiveCfg = Release|Any CPU
		{70704030-41F9-4FC2-8524-4320E131F9BD}.Release|Any CPU.Build.0 = Release|Any CPU
		{70704030-41F9-4FC2-8524-4320E131F9BD}.Release|x64.ActiveCfg = Release|Any CPU
		{70704030-41F9-4FC2-8524-4320E131F9BD}.Release|x64.Build.0 = Release|Any CPU
		{70704030-41F9-4FC2-8524-4320E131F9BD}.Release|x86.ActiveCfg = Release|Any CPU
		{70704030-41F9-4FC2-8524-4320E131F9BD}.Release|x86.Build.0 = Release|Any CPU
	EndGlobalSection
	GlobalSection(SolutionProperties) = preSolution
		HideSolutionNode = FALSE
	EndGlobalSection
	GlobalSection(ExtensibilityGlobals) = postSolution
		SolutionGuid = {D7494142-1721-4DBD-829B-7BF40E594B76}
	EndGlobalSection
EndGlobal
